
Microsoft Visual Studio Solution File, Format Version 12.00
# Visual Studio Version 17
VisualStudioVersion = 17.0.31903.59
MinimumVisualStudioVersion = 10.0.40219.1
Project("{FAE04EC0-301F-11D3-BF4B-00C04F79EFBC}") = "FishAppUI", "FishAppUI\FishAppUI.csproj", "{C445756F-6FC4-49F3-B57B-0D08276A0396}"
EndProject
Project("{888888A0-9F3D-457C-B088-3A5042F75D52}") = "FishApp.PythonBackend", "FishApp.PythonBackend\FishApp.PythonBackend.pyproj", "{1A7616EE-1CF8-478A-B550-C6419087CC33}"
EndProject
Project("{888888A0-9F3D-457C-B088-3A5042F75D52}") = "FishApp.PythonModel", "FishApp.PythonModel\FishApp.PythonModel.pyproj", "{C5187190-D68A-4F04-B134-66D39893389A}"
EndProject
Global
	GlobalSection(SolutionConfigurationPlatforms) = preSolution
		Debug|Any CPU = Debug|Any CPU
		Debug|x64 = Debug|x64
		Debug|x86 = Debug|x86
		Release|Any CPU = Release|Any CPU
		Release|x64 = Release|x64
		Release|x86 = Release|x86
	EndGlobalSection
	GlobalSection(ProjectConfigurationPlatforms) = postSolution
		{C445756F-6FC4-49F3-B57B-0D08276A0396}.Debug|Any CPU.ActiveCfg = Debug|Any CPU
		{C445756F-6FC4-49F3-B57B-0D08276A0396}.Debug|Any CPU.Build.0 = Debug|Any CPU
		{C445756F-6FC4-49F3-B57B-0D08276A0396}.Debug|x64.ActiveCfg = Debug|Any CPU
		{C445756F-6FC4-49F3-B57B-0D08276A0396}.Debug|x64.Build.0 = Debug|Any CPU
		{C445756F-6FC4-49F3-B57B-0D08276A0396}.Debug|x86.ActiveCfg = Debug|Any CPU
		{C445756F-6FC4-49F3-B57B-0D08276A0396}.Debug|x86.Build.0 = Debug|Any CPU
		{C445756F-6FC4-49F3-B57B-0D08276A0396}.Release|Any CPU.ActiveCfg = Release|Any CPU
		{C445756F-6FC4-49F3-B57B-0D08276A0396}.Release|Any CPU.Build.0 = Release|Any CPU
		{C445756F-6FC4-49F3-B57B-0D08276A0396}.Release|x64.ActiveCfg = Release|Any CPU
		{C445756F-6FC4-49F3-B57B-0D08276A0396}.Release|x64.Build.0 = Release|Any CPU
		{C445756F-6FC4-49F3-B57B-0D08276A0396}.Release|x86.ActiveCfg = Release|Any CPU
		{C445756F-6FC4-49F3-B57B-0D08276A0396}.Release|x86.Build.0 = Release|Any CPU
		{1A7616EE-1CF8-478A-B550-C6419087CC33}.Debug|Any CPU.ActiveCfg = Debug|Any CPU
		{1A7616EE-1CF8-478A-B550-C6419087CC33}.Debug|x64.ActiveCfg = Debug|Any CPU
		{1A7616EE-1CF8-478A-B550-C6419087CC33}.Debug|x86.ActiveCfg = Debug|Any CPU
		{1A7616EE-1CF8-478A-B550-C6419087CC33}.Release|Any CPU.ActiveCfg = Release|Any CPU
		{1A7616EE-1CF8-478A-B550-C6419087CC33}.Release|x64.ActiveCfg = Release|Any CPU
		{1A7616EE-1CF8-478A-B550-C6419087CC33}.Release|x86.ActiveCfg = Release|Any CPU
		{C5187190-D68A-4F04-B134-66D39893389A}.Debug|Any CPU.ActiveCfg = Debug|Any CPU
		{C5187190-D68A-4F04-B134-66D39893389A}.Debug|x64.ActiveCfg = Debug|Any CPU
		{C5187190-D68A-4F04-B134-66D39893389A}.Debug|x86.ActiveCfg = Debug|Any CPU
		{C5187190-D68A-4F04-B134-66D39893389A}.Release|Any CPU.ActiveCfg = Release|Any CPU
		{C5187190-D68A-4F04-B134-66D39893389A}.Release|x64.ActiveCfg = Release|Any CPU
		{C5187190-D68A-4F04-B134-66D39893389A}.Release|x86.ActiveCfg = Release|Any CPU
	EndGlobalSection
	GlobalSection(SolutionProperties) = preSolution
		HideSolutionNode = FALSE
	EndGlobalSection
	GlobalSection(ExtensibilityGlobals) = postSolution
		SolutionGuid = {8ACB6224-6FE5-41AE-9686-34DB2C671E63}
	EndGlobalSection
EndGlobal
